
Microsoft Visual Studio Solution File, Format Version 12.00
# Visual Studio Version 16
VisualStudioVersion = 16.0.31112.23
MinimumVisualStudioVersion = 10.0.40219.1
Project("{FAE04EC0-301F-11D3-BF4B-00C04F79EFBC}") = "Webserver", "Webserver.csproj", "{FC5199EE-DD11-4130-8F01-7D90F57907B2}"
EndProject
Global
	GlobalSection(SolutionConfigurationPlatforms) = preSolution
		Debug|Any CPU = Debug|Any CPU
		Release|Any CPU = Release|Any CPU
	EndGlobalSection
	GlobalSection(ProjectConfigurationPlatforms) = postSolution
		{FC5199EE-DD11-4130-8F01-7D90F57907B2}.Debug|Any CPU.ActiveCfg = Debug|Any CPU
		{FC5199EE-DD11-4130-8F01-7D90F57907B2}.Debug|Any CPU.Build.0 = Debug|Any CPU
		{FC5199EE-DD11-4130-8F01-7D90F57907B2}.Release|Any CPU.ActiveCfg = Release|Any CPU
		{FC5199EE-DD11-4130-8F01-7D90F57907B2}.Release|Any CPU.Build.0 = Release|Any CPU
	EndGlobalSection
	GlobalSection(SolutionProperties) = preSolution
		HideSolutionNode = FALSE
	EndGlobalSection
	GlobalSection(ExtensibilityGlobals) = postSolution
		SolutionGuid = {F94C7DB6-1DE9-4661-997B-BB85F3B6FC49}
	EndGlobalSection
EndGlobal
